
Microsoft Visual Studio Solution File, Format Version 12.00
# Visual Studio Version 16
VisualStudioVersion = 16.0.31410.357
MinimumVisualStudioVersion = 10.0.40219.1
Project("{FAE04EC0-301F-11D3-BF4B-00C04F79EFBC}") = "ClassLibrary1", "ClassLibrary1\ClassLibrary1.csproj", "{9160E59D-110E-4572-A798-BBCBC2537E0B}"
EndProject
Global
	GlobalSection(SolutionConfigurationPlatforms) = preSolution
		Debug|Any CPU = Debug|Any CPU
		Debug|x64 = Debug|x64
		Release|Any CPU = Release|Any CPU
		Release|x64 = Release|x64
	EndGlobalSection
	GlobalSection(ProjectConfigurationPlatforms) = postSolution
		{9160E59D-110E-4572-A798-BBCBC2537E0B}.Debug|Any CPU.ActiveCfg = Debug|Any CPU
		{9160E59D-110E-4572-A798-BBCBC2537E0B}.Debug|Any CPU.Build.0 = Debug|Any CPU
		{9160E59D-110E-4572-A798-BBCBC2537E0B}.Debug|x64.ActiveCfg = Debug|x64
		{9160E59D-110E-4572-A798-BBCBC2537E0B}.Debug|x64.Build.0 = Debug|x64
		{9160E59D-110E-4572-A798-BBCBC2537E0B}.Release|Any CPU.ActiveCfg = Release|x86
		{9160E59D-110E-4572-A798-BBCBC2537E0B}.Release|Any CPU.Build.0 = Release|x86
		{9160E59D-110E-4572-A798-BBCBC2537E0B}.Release|x64.ActiveCfg = Release|x64
		{9160E59D-110E-4572-A798-BBCBC2537E0B}.Release|x64.Build.0 = Release|x64
	EndGlobalSection
	GlobalSection(SolutionProperties) = preSolution
		HideSolutionNode = FALSE
	EndGlobalSection
	GlobalSection(ExtensibilityGlobals) = postSolution
		SolutionGuid = {CDD39B50-114A-4723-A885-985E1E91EC0B}
	EndGlobalSection
EndGlobal
